
Microsoft Visual Studio Solution File, Format Version 12.00
# Visual Studio Version 16
VisualStudioVersion = 16.0.30503.244
MinimumVisualStudioVersion = 10.0.40219.1
Project("{9A19103F-16F7-4668-BE54-9A1E7A4F7556}") = "PreScreening_Bot", "PreScreening_Bot\PreScreening_Bot.csproj", "{66002BF7-9961-4D46-9EF4-79E73A6928D7}"
EndProject
Global
	GlobalSection(SolutionConfigurationPlatforms) = preSolution
		Debug|Any CPU = Debug|Any CPU
		Release|Any CPU = Release|Any CPU
	EndGlobalSection
	GlobalSection(ProjectConfigurationPlatforms) = postSolution
		{66002BF7-9961-4D46-9EF4-79E73A6928D7}.Debug|Any CPU.ActiveCfg = Debug|Any CPU
		{66002BF7-9961-4D46-9EF4-79E73A6928D7}.Debug|Any CPU.Build.0 = Debug|Any CPU
		{66002BF7-9961-4D46-9EF4-79E73A6928D7}.Release|Any CPU.ActiveCfg = Release|Any CPU
		{66002BF7-9961-4D46-9EF4-79E73A6928D7}.Release|Any CPU.Build.0 = Release|Any CPU
	EndGlobalSection
	GlobalSection(SolutionProperties) = preSolution
		HideSolutionNode = FALSE
	EndGlobalSection
	GlobalSection(ExtensibilityGlobals) = postSolution
		SolutionGuid = {90E7735E-418D-4486-B47F-7DB94F8792D6}
	EndGlobalSection
EndGlobal
